
Microsoft Visual Studio Solution File, Format Version 12.00
# Visual Studio Version 17
VisualStudioVersion = 17.2.32516.85
MinimumVisualStudioVersion = 10.0.40219.1
Project("{8BC9CEB8-8B4A-11D0-8D11-00A0C91BC942}") = "2D", "2D\2D.vcxproj", "{1345BEAA-7D70-4DEC-98A6-A50879E8B770}"
EndProject
Project("{8BC9CEB8-8B4A-11D0-8D11-00A0C91BC942}") = "Jario", "Jario\Jario.vcxproj", "{FA703380-40D6-4195-8C04-D309AC08544B}"
	ProjectSection(ProjectDependencies) = postProject
		{1345BEAA-7D70-4DEC-98A6-A50879E8B770} = {1345BEAA-7D70-4DEC-98A6-A50879E8B770}
		{5D2479D1-2EED-48D8-8324-C47F5E957B60} = {5D2479D1-2EED-48D8-8324-C47F5E957B60}
	EndProjectSection
EndProject
Project("{8BC9CEB8-8B4A-11D0-8D11-00A0C91BC942}") = "Level Editor", "Level Editor\Level Editor.vcxproj", "{5D2479D1-2EED-48D8-8324-C47F5E957B60}"
	ProjectSection(ProjectDependencies) = postProject
		{1345BEAA-7D70-4DEC-98A6-A50879E8B770} = {1345BEAA-7D70-4DEC-98A6-A50879E8B770}
	EndProjectSection
EndProject
Global
	GlobalSection(SolutionConfigurationPlatforms) = preSolution
		Debug|x64 = Debug|x64
		Debug|x86 = Debug|x86
		Release|x64 = Release|x64
		Release|x86 = Release|x86
	EndGlobalSection
	GlobalSection(ProjectConfigurationPlatforms) = postSolution
		{1345BEAA-7D70-4DEC-98A6-A50879E8B770}.Debug|x64.ActiveCfg = Debug|x64
		{1345BEAA-7D70-4DEC-98A6-A50879E8B770}.Debug|x64.Build.0 = Debug|x64
		{1345BEAA-7D70-4DEC-98A6-A50879E8B770}.Debug|x86.ActiveCfg = Debug|Win32
		{1345BEAA-7D70-4DEC-98A6-A50879E8B770}.Debug|x86.Build.0 = Debug|Win32
		{1345BEAA-7D70-4DEC-98A6-A50879E8B770}.Release|x64.ActiveCfg = Release|x64
		{1345BEAA-7D70-4DEC-98A6-A50879E8B770}.Release|x64.Build.0 = Release|x64
		{1345BEAA-7D70-4DEC-98A6-A50879E8B770}.Release|x86.ActiveCfg = Release|Win32
		{1345BEAA-7D70-4DEC-98A6-A50879E8B770}.Release|x86.Build.0 = Release|Win32
		{FA703380-40D6-4195-8C04-D309AC08544B}.Debug|x64.ActiveCfg = Debug|x64
		{FA703380-40D6-4195-8C04-D309AC08544B}.Debug|x64.Build.0 = Debug|x64
		{FA703380-40D6-4195-8C04-D309AC08544B}.Debug|x86.ActiveCfg = Debug|Win32
		{FA703380-40D6-4195-8C04-D309AC08544B}.Debug|x86.Build.0 = Debug|Win32
		{FA703380-40D6-4195-8C04-D309AC08544B}.Release|x64.ActiveCfg = Release|x64
		{FA703380-40D6-4195-8C04-D309AC08544B}.Release|x64.Build.0 = Release|x64
		{FA703380-40D6-4195-8C04-D309AC08544B}.Release|x86.ActiveCfg = Release|Win32
		{FA703380-40D6-4195-8C04-D309AC08544B}.Release|x86.Build.0 = Release|Win32
		{5D2479D1-2EED-48D8-8324-C47F5E957B60}.Debug|x64.ActiveCfg = Debug|x64
		{5D2479D1-2EED-48D8-8324-C47F5E957B60}.Debug|x64.Build.0 = Debug|x64
		{5D2479D1-2EED-48D8-8324-C47F5E957B60}.Debug|x86.ActiveCfg = Debug|Win32
		{5D2479D1-2EED-48D8-8324-C47F5E957B60}.Debug|x86.Build.0 = Debug|Win32
		{5D2479D1-2EED-48D8-8324-C47F5E957B60}.Release|x64.ActiveCfg = Release|x64
		{5D2479D1-2EED-48D8-8324-C47F5E957B60}.Release|x64.Build.0 = Release|x64
		{5D2479D1-2EED-48D8-8324-C47F5E957B60}.Release|x86.ActiveCfg = Release|Win32
		{5D2479D1-2EED-48D8-8324-C47F5E957B60}.Release|x86.Build.0 = Release|Win32
	EndGlobalSection
	GlobalSection(SolutionProperties) = preSolution
		HideSolutionNode = FALSE
	EndGlobalSection
	GlobalSection(ExtensibilityGlobals) = postSolution
		SolutionGuid = {8DC64DFD-1C1A-433D-ABEB-AC9576A8A195}
	EndGlobalSection
EndGlobal
