<?xml version="1.0" encoding="utf-8"?>
<Project ToolsVersion="4.0" xmlns="http://schemas.microsoft.com/developer/msbuild/2003">
  <ItemGroup>
    <Filter Include="$(SolutionDir)3rdparty">
      <UniqueIdentifier>{6FF4F445-5BEE-1D98-445B-B4A830F48304}</UniqueIdentifier>
    </Filter>
    <Filter Include="$(SolutionDir)3rdparty\imgui">
      <UniqueIdentifier>{1959A844-0514-98F0-AECB-103B9A65E280}</UniqueIdentifier>
    </Filter>
    <Filter Include="$(SolutionDir)3rdparty\imgui-sfml">
      <UniqueIdentifier>{580F8846-C47D-DDC5-0D67-98C57914D361}</UniqueIdentifier>
    </Filter>
    <Filter Include="src">
      <UniqueIdentifier>{2DAB880B-99B4-887C-2230-9F7C8E38947C}</UniqueIdentifier>
    </Filter>
  </ItemGroup>
  <ItemGroup>
    <ClInclude Include="$(SolutionDir)3rdparty\imgui\imgui.h">
      <Filter>$(SolutionDir)3rdparty\imgui</Filter>
    </ClInclude>
    <ClInclude Include="src\2D.h">
      <Filter>src</Filter>
    </ClInclude>
    <ClInclude Include="src\Action.h">
      <Filter>src</Filter>
    </ClInclude>
    <ClInclude Include="src\Animation.h">
      <Filter>src</Filter>
    </ClInclude>
    <ClInclude Include="src\Assets.h">
      <Filter>src</Filter>
    </ClInclude>
    <ClInclude Include="src\Common.h">
      <Filter>src</Filter>
    </ClInclude>
    <ClInclude Include="src\Component.h">
      <Filter>src</Filter>
    </ClInclude>
    <ClInclude Include="src\Engine.h">
      <Filter>src</Filter>
    </ClInclude>
    <ClInclude Include="src\Entity.h">
      <Filter>src</Filter>
    </ClInclude>
    <ClInclude Include="src\EntityManager.h">
      <Filter>src</Filter>
    </ClInclude>
    <ClInclude Include="src\Game.h">
      <Filter>src</Filter>
    </ClInclude>
    <ClInclude Include="src\Scene.h">
      <Filter>src</Filter>
    </ClInclude>
    <ClInclude Include="src\Vec2.h">
      <Filter>src</Filter>
    </ClInclude>
    <ClInclude Include="src\physics.h">
      <Filter>src</Filter>
    </ClInclude>
  </ItemGroup>
  <ItemGroup>
    <ClCompile Include="$(SolutionDir)3rdparty\imgui-sfml\imgui-SFML.cpp">
      <Filter>$(SolutionDir)3rdparty\imgui-sfml</Filter>
    </ClCompile>
    <ClCompile Include="src\Action.cpp">
      <Filter>src</Filter>
    </ClCompile>
    <ClCompile Include="src\Animation.cpp">
      <Filter>src</Filter>
    </ClCompile>
    <ClCompile Include="src\Assets.cpp">
      <Filter>src</Filter>
    </ClCompile>
    <ClCompile Include="src\Engine.cpp">
      <Filter>src</Filter>
    </ClCompile>
    <ClCompile Include="src\Entity.cpp">
      <Filter>src</Filter>
    </ClCompile>
    <ClCompile Include="src\EntityManager.cpp">
      <Filter>src</Filter>
    </ClCompile>
    <ClCompile Include="src\Game.cpp">
      <Filter>src</Filter>
    </ClCompile>
    <ClCompile Include="src\Scene.cpp">
      <Filter>src</Filter>
    </ClCompile>
    <ClCompile Include="src\bs.cpp">
      <Filter>src</Filter>
    </ClCompile>
    <ClCompile Include="src\physics.cpp">
      <Filter>src</Filter>
    </ClCompile>
  </ItemGroup>
</Project>